packages:
- git: https://github.com/dbt-labs/dbt-codegen.git
  name: codegen
  revision: 526cb1f0e8464d88b931e0249b4198039f15d641
- package: brooklyn-data/dbt_artifacts
  name: dbt_artifacts
  version: 2.10.1
- package: dbt-labs/dbt_utils
  name: dbt_utils
  version: 1.4.1
- package: gitlabhq/snowflake_spend
  name: snowflake_spend
  version: 1.4.0
sha1_hash: 9d1eea0a1b1ba912ace49078918f8374eb2b10d1
